PODS:
  - Flutter (1.0.0)
  - package_info_plus (0.4.5):
    - Flutter
  - Sentry (6.2.1):
    - Sentry/Core (= 6.2.1)
  - Sentry/Core (6.2.1)
  - sentry_flutter (0.0.1):
    - Flutter
    - Sentry (~> 6.2.1)

DEPENDENCIES:
  - Flutter (from `Flutter`)
  - package_info_plus (from `.symlinks/plugins/package_info_plus/ios`)
  - sentry_flutter (from `.symlinks/plugins/sentry_flutter/ios`)

SPEC REPOS:
  trunk:
    - Sentry

EXTERNAL SOURCES:
  Flutter:
    :path: Flutter
  package_info_plus:
    :path: ".symlinks/plugins/package_info_plus/ios"
  sentry_flutter:
    :path: ".symlinks/plugins/sentry_flutter/ios"

SPEC CHECKSUMS:
  Flutter: 434fef37c0980e73bb6479ef766c45957d4b510c
  package_info_plus: 6c92f08e1f853dc01228d6f553146438dafcd14e
  Sentry: 9b922b396b0e0bca8516a10e36b0ea3ebea5faf7
  sentry_flutter: 5b3c6d717db5b7482504a313c831b318297d4d37

PODFILE CHECKSUM: aafe91acc616949ddb318b77800a7f51bffa2a4c

COCOAPODS: 1.10.1
